
Microsoft Visual Studio Solution File, Format Version 12.00
# Visual Studio Version 17
VisualStudioVersion = 17.0.31903.59
MinimumVisualStudioVersion = 10.0.40219.1
Project("{2150E333-8FDC-42A3-9474-1A3956D46DE8}") = "src", "src", "{827E0CD3-B72D-47B6-A68D-7590B98EB39B}"
EndProject
Project("{FAE04EC0-301F-11D3-BF4B-00C04F79EFBC}") = "Tyrex.Api", "src\Tyrex.Api\Tyrex.Api.csproj", "{0553242D-0B73-47F3-9623-CE29C8D66262}"
EndProject
Project("{FAE04EC0-301F-11D3-BF4B-00C04F79EFBC}") = "Tyrex.Application", "src\Tyrex.Application\Tyrex.Application.csproj", "{2F5D0CD5-7DA0-4FE8-8D93-8E7A250A9DE9}"
EndProject
Project("{FAE04EC0-301F-11D3-BF4B-00C04F79EFBC}") = "Tyrex.Domain", "src\Tyrex.Domain\Tyrex.Domain.csproj", "{57AF0DA5-A7B3-42CA-8652-026D30779317}"
EndProject
Project("{FAE04EC0-301F-11D3-BF4B-00C04F79EFBC}") = "Tyrex.Infrastructure", "src\Tyrex.Infrastructure\Tyrex.Infrastructure.csproj", "{5E57E2C4-35B9-444C-BD4C-A70061C9B90D}"
EndProject
Project("{FAE04EC0-301F-11D3-BF4B-00C04F79EFBC}") = "Tyrex.Contracts", "src\Tyrex.Contracts\Tyrex.Contracts.csproj", "{03EA5FB3-8B40-4416-9B24-7D99B75064A6}"
EndProject
Project("{FAE04EC0-301F-11D3-BF4B-00C04F79EFBC}") = "Tyrex.SharedKernel", "src\Tyrex.SharedKernel\Tyrex.SharedKernel.csproj", "{D93C62C8-6AA3-4E00-AB16-63D3778C557B}"
EndProject
Project("{2150E333-8FDC-42A3-9474-1A3956D46DE8}") = "tests", "tests", "{0AB3BF05-4346-4AA6-1389-037BE0695223}"
EndProject
Project("{FAE04EC0-301F-11D3-BF4B-00C04F79EFBC}") = "Tyrex.UnitTests", "tests\Tyrex.UnitTests\Tyrex.UnitTests.csproj", "{9A9411BF-91D5-43EF-8CE8-3989D70C2FE7}"
EndProject
Project("{FAE04EC0-301F-11D3-BF4B-00C04F79EFBC}") = "Tyrex.ApplicationTests", "tests\Tyrex.ApplicationTests\Tyrex.ApplicationTests.csproj", "{5ED051DD-35B1-4D5A-B371-BAE96132497D}"
EndProject
Project("{FAE04EC0-301F-11D3-BF4B-00C04F79EFBC}") = "Tyrex.IntegrationTests", "tests\Tyrex.IntegrationTests\Tyrex.IntegrationTests.csproj", "{965CF3B6-FF64-4B06-AE01-AC0ED524A005}"
EndProject
Project("{FAE04EC0-301F-11D3-BF4B-00C04F79EFBC}") = "Tyrex.ArchitectureTests", "tests\Tyrex.ArchitectureTests\Tyrex.ArchitectureTests.csproj", "{DBCA3C18-CC65-4400-AF0B-622AF10E6396}"
EndProject
Global
	GlobalSection(SolutionConfigurationPlatforms) = preSolution
		Debug|Any CPU = Debug|Any CPU
		Debug|x64 = Debug|x64
		Debug|x86 = Debug|x86
		Release|Any CPU = Release|Any CPU
		Release|x64 = Release|x64
		Release|x86 = Release|x86
	EndGlobalSection
	GlobalSection(ProjectConfigurationPlatforms) = postSolution
		{0553242D-0B73-47F3-9623-CE29C8D66262}.Debug|Any CPU.ActiveCfg = Debug|Any CPU
		{0553242D-0B73-47F3-9623-CE29C8D66262}.Debug|Any CPU.Build.0 = Debug|Any CPU
		{0553242D-0B73-47F3-9623-CE29C8D66262}.Debug|x64.ActiveCfg = Debug|Any CPU
		{0553242D-0B73-47F3-9623-CE29C8D66262}.Debug|x64.Build.0 = Debug|Any CPU
		{0553242D-0B73-47F3-9623-CE29C8D66262}.Debug|x86.ActiveCfg = Debug|Any CPU
		{0553242D-0B73-47F3-9623-CE29C8D66262}.Debug|x86.Build.0 = Debug|Any CPU
		{0553242D-0B73-47F3-9623-CE29C8D66262}.Release|Any CPU.ActiveCfg = Release|Any CPU
		{0553242D-0B73-47F3-9623-CE29C8D66262}.Release|Any CPU.Build.0 = Release|Any CPU
		{0553242D-0B73-47F3-9623-CE29C8D66262}.Release|x64.ActiveCfg = Release|Any CPU
		{0553242D-0B73-47F3-9623-CE29C8D66262}.Release|x64.Build.0 = Release|Any CPU
		{0553242D-0B73-47F3-9623-CE29C8D66262}.Release|x86.ActiveCfg = Release|Any CPU
		{0553242D-0B73-47F3-9623-CE29C8D66262}.Release|x86.Build.0 = Release|Any CPU
		{2F5D0CD5-7DA0-4FE8-8D93-8E7A250A9DE9}.Debug|Any CPU.ActiveCfg = Debug|Any CPU
		{2F5D0CD5-7DA0-4FE8-8D93-8E7A250A9DE9}.Debug|Any CPU.Build.0 = Debug|Any CPU
		{2F5D0CD5-7DA0-4FE8-8D93-8E7A250A9DE9}.Debug|x64.ActiveCfg = Debug|Any CPU
		{2F5D0CD5-7DA0-4FE8-8D93-8E7A250A9DE9}.Debug|x64.Build.0 = Debug|Any CPU
		{2F5D0CD5-7DA0-4FE8-8D93-8E7A250A9DE9}.Debug|x86.ActiveCfg = Debug|Any CPU
		{2F5D0CD5-7DA0-4FE8-8D93-8E7A250A9DE9}.Debug|x86.Build.0 = Debug|Any CPU
		{2F5D0CD5-7DA0-4FE8-8D93-8E7A250A9DE9}.Release|Any CPU.ActiveCfg = Release|Any CPU
		{2F5D0CD5-7DA0-4FE8-8D93-8E7A250A9DE9}.Release|Any CPU.Build.0 = Release|Any CPU
		{2F5D0CD5-7DA0-4FE8-8D93-8E7A250A9DE9}.Release|x64.ActiveCfg = Release|Any CPU
		{2F5D0CD5-7DA0-4FE8-8D93-8E7A250A9DE9}.Release|x64.Build.0 = Release|Any CPU
		{2F5D0CD5-7DA0-4FE8-8D93-8E7A250A9DE9}.Release|x86.ActiveCfg = Release|Any CPU
		{2F5D0CD5-7DA0-4FE8-8D93-8E7A250A9DE9}.Release|x86.Build.0 = Release|Any CPU
		{57AF0DA5-A7B3-42CA-8652-026D30779317}.Debug|Any CPU.ActiveCfg = Debug|Any CPU
		{57AF0DA5-A7B3-42CA-8652-026D30779317}.Debug|Any CPU.Build.0 = Debug|Any CPU
		{57AF0DA5-A7B3-42CA-8652-026D30779317}.Debug|x64.ActiveCfg = Debug|Any CPU
		{57AF0DA5-A7B3-42CA-8652-026D30779317}.Debug|x64.Build.0 = Debug|Any CPU
		{57AF0DA5-A7B3-42CA-8652-026D30779317}.Debug|x86.ActiveCfg = Debug|Any CPU
		{57AF0DA5-A7B3-42CA-8652-026D30779317}.Debug|x86.Build.0 = Debug|Any CPU
		{57AF0DA5-A7B3-42CA-8652-026D30779317}.Release|Any CPU.ActiveCfg = Release|Any CPU
		{57AF0DA5-A7B3-42CA-8652-026D30779317}.Release|Any CPU.Build.0 = Release|Any CPU
		{57AF0DA5-A7B3-42CA-8652-026D30779317}.Release|x64.ActiveCfg = Release|Any CPU
		{57AF0DA5-A7B3-42CA-8652-026D30779317}.Release|x64.Build.0 = Release|Any CPU
		{57AF0DA5-A7B3-42CA-8652-026D30779317}.Release|x86.ActiveCfg = Release|Any CPU
		{57AF0DA5-A7B3-42CA-8652-026D30779317}.Release|x86.Build.0 = Release|Any CPU
		{5E57E2C4-35B9-444C-BD4C-A70061C9B90D}.Debug|Any CPU.ActiveCfg = Debug|Any CPU
		{5E57E2C4-35B9-444C-BD4C-A70061C9B90D}.Debug|Any CPU.Build.0 = Debug|Any CPU
		{5E57E2C4-35B9-444C-BD4C-A70061C9B90D}.Debug|x64.ActiveCfg = Debug|Any CPU
		{5E57E2C4-35B9-444C-BD4C-A70061C9B90D}.Debug|x64.Build.0 = Debug|Any CPU
		{5E57E2C4-35B9-444C-BD4C-A70061C9B90D}.Debug|x86.ActiveCfg = Debug|Any CPU
		{5E57E2C4-35B9-444C-BD4C-A70061C9B90D}.Debug|x86.Build.0 = Debug|Any CPU
		{5E57E2C4-35B9-444C-BD4C-A70061C9B90D}.Release|Any CPU.ActiveCfg = Release|Any CPU
		{5E57E2C4-35B9-444C-BD4C-A70061C9B90D}.Release|Any CPU.Build.0 = Release|Any CPU
		{5E57E2C4-35B9-444C-BD4C-A70061C9B90D}.Release|x64.ActiveCfg = Release|Any CPU
		{5E57E2C4-35B9-444C-BD4C-A70061C9B90D}.Release|x64.Build.0 = Release|Any CPU
		{5E57E2C4-35B9-444C-BD4C-A70061C9B90D}.Release|x86.ActiveCfg = Release|Any CPU
		{5E57E2C4-35B9-444C-BD4C-A70061C9B90D}.Release|x86.Build.0 = Release|Any CPU
		{03EA5FB3-8B40-4416-9B24-7D99B75064A6}.Debug|Any CPU.ActiveCfg = Debug|Any CPU
		{03EA5FB3-8B40-4416-9B24-7D99B75064A6}.Debug|Any CPU.Build.0 = Debug|Any CPU
		{03EA5FB3-8B40-4416-9B24-7D99B75064A6}.Debug|x64.ActiveCfg = Debug|Any CPU
		{03EA5FB3-8B40-4416-9B24-7D99B75064A6}.Debug|x64.Build.0 = Debug|Any CPU
		{03EA5FB3-8B40-4416-9B24-7D99B75064A6}.Debug|x86.ActiveCfg = Debug|Any CPU
		{03EA5FB3-8B40-4416-9B24-7D99B75064A6}.Debug|x86.Build.0 = Debug|Any CPU
		{03EA5FB3-8B40-4416-9B24-7D99B75064A6}.Release|Any CPU.ActiveCfg = Release|Any CPU
		{03EA5FB3-8B40-4416-9B24-7D99B75064A6}.Release|Any CPU.Build.0 = Release|Any CPU
		{03EA5FB3-8B40-4416-9B24-7D99B75064A6}.Release|x64.ActiveCfg = Release|Any CPU
		{03EA5FB3-8B40-4416-9B24-7D99B75064A6}.Release|x64.Build.0 = Release|Any CPU
		{03EA5FB3-8B40-4416-9B24-7D99B75064A6}.Release|x86.ActiveCfg = Release|Any CPU
		{03EA5FB3-8B40-4416-9B24-7D99B75064A6}.Release|x86.Build.0 = Release|Any CPU
		{D93C62C8-6AA3-4E00-AB16-63D3778C557B}.Debug|Any CPU.ActiveCfg = Debug|Any CPU
		{D93C62C8-6AA3-4E00-AB16-63D3778C557B}.Debug|Any CPU.Build.0 = Debug|Any CPU
		{D93C62C8-6AA3-4E00-AB16-63D3778C557B}.Debug|x64.ActiveCfg = Debug|Any CPU
		{D93C62C8-6AA3-4E00-AB16-63D3778C557B}.Debug|x64.Build.0 = Debug|Any CPU
		{D93C62C8-6AA3-4E00-AB16-63D3778C557B}.Debug|x86.ActiveCfg = Debug|Any CPU
		{D93C62C8-6AA3-4E00-AB16-63D3778C557B}.Debug|x86.Build.0 = Debug|Any CPU
		{D93C62C8-6AA3-4E00-AB16-63D3778C557B}.Release|Any CPU.ActiveCfg = Release|Any CPU
		{D93C62C8-6AA3-4E00-AB16-63D3778C557B}.Release|Any CPU.Build.0 = Release|Any CPU
		{D93C62C8-6AA3-4E00-AB16-63D3778C557B}.Release|x64.ActiveCfg = Release|Any CPU
		{D93C62C8-6AA3-4E00-AB16-63D3778C557B}.Release|x64.Build.0 = Release|Any CPU
		{D93C62C8-6AA3-4E00-AB16-63D3778C557B}.Release|x86.ActiveCfg = Release|Any CPU
		{D93C62C8-6AA3-4E00-AB16-63D3778C557B}.Release|x86.Build.0 = Release|Any CPU
		{9A9411BF-91D5-43EF-8CE8-3989D70C2FE7}.Debug|Any CPU.ActiveCfg = Debug|Any CPU
		{9A9411BF-91D5-43EF-8CE8-3989D70C2FE7}.Debug|Any CPU.Build.0 = Debug|Any CPU
		{9A9411BF-91D5-43EF-8CE8-3989D70C2FE7}.Debug|x64.ActiveCfg = Debug|Any CPU
		{9A9411BF-91D5-43EF-8CE8-3989D70C2FE7}.Debug|x64.Build.0 = Debug|Any CPU
		{9A9411BF-91D5-43EF-8CE8-3989D70C2FE7}.Debug|x86.ActiveCfg = Debug|Any CPU
		{9A9411BF-91D5-43EF-8CE8-3989D70C2FE7}.Debug|x86.Build.0 = Debug|Any CPU
		{9A9411BF-91D5-43EF-8CE8-3989D70C2FE7}.Release|Any CPU.ActiveCfg = Release|Any CPU
		{9A9411BF-91D5-43EF-8CE8-3989D70C2FE7}.Release|Any CPU.Build.0 = Release|Any CPU
		{9A9411BF-91D5-43EF-8CE8-3989D70C2FE7}.Release|x64.ActiveCfg = Release|Any CPU
		{9A9411BF-91D5-43EF-8CE8-3989D70C2FE7}.Release|x64.Build.0 = Release|Any CPU
		{9A9411BF-91D5-43EF-8CE8-3989D70C2FE7}.Release|x86.ActiveCfg = Release|Any CPU
		{9A9411BF-91D5-43EF-8CE8-3989D70C2FE7}.Release|x86.Build.0 = Release|Any CPU
		{5ED051DD-35B1-4D5A-B371-BAE96132497D}.Debug|Any CPU.ActiveCfg = Debug|Any CPU
		{5ED051DD-35B1-4D5A-B371-BAE96132497D}.Debug|Any CPU.Build.0 = Debug|Any CPU
		{5ED051DD-35B1-4D5A-B371-BAE96132497D}.Debug|x64.ActiveCfg = Debug|Any CPU
		{5ED051DD-35B1-4D5A-B371-BAE96132497D}.Debug|x64.Build.0 = Debug|Any CPU
		{5ED051DD-35B1-4D5A-B371-BAE96132497D}.Debug|x86.ActiveCfg = Debug|Any CPU
		{5ED051DD-35B1-4D5A-B371-BAE96132497D}.Debug|x86.Build.0 = Debug|Any CPU
		{5ED051DD-35B1-4D5A-B371-BAE96132497D}.Release|Any CPU.ActiveCfg = Release|Any CPU
		{5ED051DD-35B1-4D5A-B371-BAE96132497D}.Release|Any CPU.Build.0 = Release|Any CPU
		{5ED051DD-35B1-4D5A-B371-BAE96132497D}.Release|x64.ActiveCfg = Release|Any CPU
		{5ED051DD-35B1-4D5A-B371-BAE96132497D}.Release|x64.Build.0 = Release|Any CPU
		{5ED051DD-35B1-4D5A-B371-BAE96132497D}.Release|x86.ActiveCfg = Release|Any CPU
		{5ED051DD-35B1-4D5A-B371-BAE96132497D}.Release|x86.Build.0 = Release|Any CPU
		{965CF3B6-FF64-4B06-AE01-AC0ED524A005}.Debug|Any CPU.ActiveCfg = Debug|Any CPU
		{965CF3B6-FF64-4B06-AE01-AC0ED524A005}.Debug|Any CPU.Build.0 = Debug|Any CPU
		{965CF3B6-FF64-4B06-AE01-AC0ED524A005}.Debug|x64.ActiveCfg = Debug|Any CPU
		{965CF3B6-FF64-4B06-AE01-AC0ED524A005}.Debug|x64.Build.0 = Debug|Any CPU
		{965CF3B6-FF64-4B06-AE01-AC0ED524A005}.Debug|x86.ActiveCfg = Debug|Any CPU
		{965CF3B6-FF64-4B06-AE01-AC0ED524A005}.Debug|x86.Build.0 = Debug|Any CPU
		{965CF3B6-FF64-4B06-AE01-AC0ED524A005}.Release|Any CPU.ActiveCfg = Release|Any CPU
		{965CF3B6-FF64-4B06-AE01-AC0ED524A005}.Release|Any CPU.Build.0 = Release|Any CPU
		{965CF3B6-FF64-4B06-AE01-AC0ED524A005}.Release|x64.ActiveCfg = Release|Any CPU
		{965CF3B6-FF64-4B06-AE01-AC0ED524A005}.Release|x64.Build.0 = Release|Any CPU
		{965CF3B6-FF64-4B06-AE01-AC0ED524A005}.Release|x86.ActiveCfg = Release|Any CPU
		{965CF3B6-FF64-4B06-AE01-AC0ED524A005}.Release|x86.Build.0 = Release|Any CPU
		{DBCA3C18-CC65-4400-AF0B-622AF10E6396}.Debug|Any CPU.ActiveCfg = Debug|Any CPU
		{DBCA3C18-CC65-4400-AF0B-622AF10E6396}.Debug|Any CPU.Build.0 = Debug|Any CPU
		{DBCA3C18-CC65-4400-AF0B-622AF10E6396}.Debug|x64.ActiveCfg = Debug|Any CPU
		{DBCA3C18-CC65-4400-AF0B-622AF10E6396}.Debug|x64.Build.0 = Debug|Any CPU
		{DBCA3C18-CC65-4400-AF0B-622AF10E6396}.Debug|x86.ActiveCfg = Debug|Any CPU
		{DBCA3C18-CC65-4400-AF0B-622AF10E6396}.Debug|x86.Build.0 = Debug|Any CPU
		{DBCA3C18-CC65-4400-AF0B-622AF10E6396}.Release|Any CPU.ActiveCfg = Release|Any CPU
		{DBCA3C18-CC65-4400-AF0B-622AF10E6396}.Release|Any CPU.Build.0 = Release|Any CPU
		{DBCA3C18-CC65-4400-AF0B-622AF10E6396}.Release|x64.ActiveCfg = Release|Any CPU
		{DBCA3C18-CC65-4400-AF0B-622AF10E6396}.Release|x64.Build.0 = Release|Any CPU
		{DBCA3C18-CC65-4400-AF0B-622AF10E6396}.Release|x86.ActiveCfg = Release|Any CPU
		{DBCA3C18-CC65-4400-AF0B-622AF10E6396}.Release|x86.Build.0 = Release|Any CPU
	EndGlobalSection
	GlobalSection(SolutionProperties) = preSolution
		HideSolutionNode = FALSE
	EndGlobalSection
	GlobalSection(NestedProjects) = preSolution
		{0553242D-0B73-47F3-9623-CE29C8D66262} = {827E0CD3-B72D-47B6-A68D-7590B98EB39B}
		{2F5D0CD5-7DA0-4FE8-8D93-8E7A250A9DE9} = {827E0CD3-B72D-47B6-A68D-7590B98EB39B}
		{57AF0DA5-A7B3-42CA-8652-026D30779317} = {827E0CD3-B72D-47B6-A68D-7590B98EB39B}
		{5E57E2C4-35B9-444C-BD4C-A70061C9B90D} = {827E0CD3-B72D-47B6-A68D-7590B98EB39B}
		{03EA5FB3-8B40-4416-9B24-7D99B75064A6} = {827E0CD3-B72D-47B6-A68D-7590B98EB39B}
		{D93C62C8-6AA3-4E00-AB16-63D3778C557B} = {827E0CD3-B72D-47B6-A68D-7590B98EB39B}
		{9A9411BF-91D5-43EF-8CE8-3989D70C2FE7} = {0AB3BF05-4346-4AA6-1389-037BE0695223}
		{5ED051DD-35B1-4D5A-B371-BAE96132497D} = {0AB3BF05-4346-4AA6-1389-037BE0695223}
		{965CF3B6-FF64-4B06-AE01-AC0ED524A005} = {0AB3BF05-4346-4AA6-1389-037BE0695223}
		{DBCA3C18-CC65-4400-AF0B-622AF10E6396} = {0AB3BF05-4346-4AA6-1389-037BE0695223}
	EndGlobalSection
EndGlobal
